PODS:
  - CalculateCalendarLogic (0.1.5)
  - FSCalendar (2.7.9)
  - NCMB (2.4.1)
<<<<<<< HEAD
  - Realm (2.8.3):
    - Realm/Headers (= 2.8.3)
  - Realm/Headers (2.8.3)
  - RealmSwift (2.8.3):
    - Realm (= 2.8.3)
  - SCLAlertView (0.7.0)
=======
  - Realm (3.0.2):
    - Realm/Headers (= 3.0.2)
  - Realm/Headers (3.0.2)
  - RealmSwift (3.0.2):
    - Realm (= 3.0.2)
>>>>>>> parent of 700b459... b
  - TwitterCore (3.0.2)
  - TwitterKit (3.2.1):
    - TwitterCore (>= 3.0.2)

DEPENDENCIES:
  - CalculateCalendarLogic
  - FSCalendar
  - NCMB (from `https://github.com/NIFTYCloud-mbaas/ncmb_ios.git`)
<<<<<<< HEAD
  - RealmSwift (~> 2.8.3)
  - SCLAlertView
=======
  - RealmSwift
>>>>>>> parent of 700b459... b
  - TwitterKit

EXTERNAL SOURCES:
  NCMB:
    :git: https://github.com/NIFTYCloud-mbaas/ncmb_ios.git

CHECKOUT OPTIONS:
  NCMB:
    :commit: 797cf53088dc575a9bb75138503d1617fdd83fb4
    :git: https://github.com/NIFTYCloud-mbaas/ncmb_ios.git

SPEC CHECKSUMS:
  CalculateCalendarLogic: e030e618ba987b1335251f27412334be3958c5cc
  FSCalendar: a04b09f16f811bc92e82f3cf852a15225233b9d5
  NCMB: fc44c6234df1d14dc36fa10e2ef945f672588135
<<<<<<< HEAD
  Realm: 3601ef091c8c499a31101d8563b991e75546cdce
  RealmSwift: 8183818515471b01a99abdd2970f8e4fd52b6f4a
  SCLAlertView: 8a14ffc40590c619e183eed2298b854385f30be1
  TwitterCore: e0420b01e02e7d20e94690e37f43e75de219ab8d
  TwitterKit: 205ac89824bbfe9e85a16c420d30bb7bcbedac45

PODFILE CHECKSUM: 60e14975c72ef09be115deac939f80e116809fd4
=======
  Realm: 6f23fd1f178a09342eac21bfa7c2bf4312a7a180
  RealmSwift: 695393add1b8f9d5fa75dd16e6355cf3935f71e2
  TwitterCore: e0420b01e02e7d20e94690e37f43e75de219ab8d
  TwitterKit: 205ac89824bbfe9e85a16c420d30bb7bcbedac45

PODFILE CHECKSUM: 4689c16334b4fe6830a19ffa52ca9bab53536bb1
>>>>>>> parent of 700b459... b

COCOAPODS: 1.3.1
